<Solution>
  <Folder Name="/Database/">
    <File Path="schema.sql" />
  </Folder>
  <Project Path="ProductDataCacheApi.API/ProductDataCacheApi.API.csproj" />
  <Project Path="ProductDataCacheApi.Application/ProductDataCacheApi.Application.csproj" />
  <Project Path="ProductDataCacheApi.Domain/ProductDataCacheApi.Domain.csproj" />
  <Project Path="ProductDataCacheApi.Infrastructure/ProductDataCacheApi.Infrastructure.csproj" />
  <Project Path="ProductDataCacheApi.Shared/ProductDataCacheApi.Shared.csproj" />
</Solution>
